<?xml version="1.0" encoding="utf-8"?>
<Project ToolsVersion="4.0" xmlns="http://schemas.microsoft.com/developer/msbuild/2003">
  <ItemGroup>
    <Filter Include="Source Files">
      <UniqueIdentifier>{4FC737F1-C7A5-4376-A066-2A32D752A2FF}</UniqueIdentifier>
      <Extensions>cpp;c;cc;cxx;c++;cppm;ixx;def;odl;idl;hpj;bat;asm;asmx</Extensions>
    </Filter>
    <Filter Include="Header Files">
      <UniqueIdentifier>{93995380-89BD-4b04-88EB-625FBE52EBFB}</UniqueIdentifier>
      <Extensions>h;hh;hpp;hxx;h++;hm;inl;inc;ipp;xsd</Extensions>
    </Filter>
    <Filter Include="Resource Files">
      <UniqueIdentifier>{67DA6AB6-F800-4c08-8B7A-83BB121AAD01}</UniqueIdentifier>
      <Extensions>rc;ico;cur;bmp;dlg;rc2;rct;bin;rgs;gif;jpg;jpeg;jpe;resx;tiff;tif;png;wav;mfcribbon-ms</Extensions>
    </Filter>
  </ItemGroup>
  <ItemGroup>
    <ClCompile Include="src\main.cpp">
      <Filter>Source Files</Filter>
    </ClCompile>
    <ClCompile Include="src\Menu.cpp">
      <Filter>Source Files</Filter>
    </ClCompile>
    <ClCompile Include="src\Game.cpp">
      <Filter>Source Files</Filter>
    </ClCompile>
    <ClCompile Include="src\Player.cpp">
      <Filter>Source Files</Filter>
    </ClCompile>
    <ClCompile Include="core\Manager\EntityManager.cpp">
      <Filter>Source Files</Filter>
    </ClCompile>
    <ClCompile Include="core\Utils\Utils.cpp">
      <Filter>Source Files</Filter>
    </ClCompile>
    <ClCompile Include="core\ECS.cpp">
      <Filter>Source Files</Filter>
    </ClCompile>
    <ClCompile Include="src\GlobalChatManager.cpp">
      <Filter>Source Files</Filter>
    </ClCompile>
    <ClCompile Include="src\SceneManager.cpp">
      <Filter>Source Files</Filter>
    </ClCompile>
    <ClCompile Include="src\GUIManager.cpp">
      <Filter>Source Files</Filter>
    </ClCompile>
    <ClCompile Include="src\KitSelection.cpp">
      <Filter>Source Files</Filter>
    </ClCompile>
  </ItemGroup>
  <ItemGroup>
    <ClInclude Include="core\ECS.hpp">
      <Filter>Header Files</Filter>
    </ClInclude>
    <ClInclude Include="core\Components\CCollider.hpp">
      <Filter>Header Files</Filter>
    </ClInclude>
    <ClInclude Include="core\Physics\Vec2D.hpp">
      <Filter>Header Files</Filter>
    </ClInclude>
    <ClInclude Include="core\Utils\Utils.hpp">
      <Filter>Header Files</Filter>
    </ClInclude>
    <ClInclude Include="core\Manager\EntityManager.hpp">
      <Filter>Header Files</Filter>
    </ClInclude>
    <ClInclude Include="core\Components\CTransform.hpp">
      <Filter>Header Files</Filter>
    </ClInclude>
    <ClInclude Include="core\Components\CSprite.hpp">
      <Filter>Header Files</Filter>
    </ClInclude>
    <ClInclude Include="src\Game.hpp">
      <Filter>Header Files</Filter>
    </ClInclude>
    <ClInclude Include="core\Components\CInput.hpp">
      <Filter>Header Files</Filter>
    </ClInclude>
    <ClInclude Include="core\Components\CAnimator.hpp">
      <Filter>Header Files</Filter>
    </ClInclude>
    <ClInclude Include="src\Player.hpp">
      <Filter>Header Files</Filter>
    </ClInclude>
    <ClInclude Include="src\SceneManager.hpp">
      <Filter>Header Files</Filter>
    </ClInclude>
    <ClInclude Include="core\Components\CText.hpp">
      <Filter>Header Files</Filter>
    </ClInclude>
    <ClInclude Include="core\Components\CButton.hpp">
      <Filter>Header Files</Filter>
    </ClInclude>
    <ClInclude Include="core\Components\CShape.hpp">
      <Filter>Header Files</Filter>
    </ClInclude>
    <ClInclude Include="src\Menu.hpp">
      <Filter>Header Files</Filter>
    </ClInclude>
    <ClInclude Include="src\GlobalChatManager.hpp">
      <Filter>Header Files</Filter>
    </ClInclude>
    <ClInclude Include="src\Scene.hpp">
      <Filter>Header Files</Filter>
    </ClInclude>
    <ClInclude Include="core\Components\CHealth.hpp">
      <Filter>Header Files</Filter>
    </ClInclude>
    <ClInclude Include="src\GUIManager.hpp">
      <Filter>Header Files</Filter>
    </ClInclude>
    <ClInclude Include="src\KitSelection.hpp">
      <Filter>Header Files</Filter>
    </ClInclude>
    <ClInclude Include="src\Kit.hpp">
      <Filter>Header Files</Filter>
    </ClInclude>
    <ClInclude Include="src\Quest.hpp">
      <Filter>Header Files</Filter>
    </ClInclude>
    <ClInclude Include="src\QuestBook.hpp">
      <Filter>Header Files</Filter>
    </ClInclude>
  </ItemGroup>
  <ItemGroup>
    <Image Include="src\Assets\Player\Run\run0.png">
      <Filter>Resource Files</Filter>
    </Image>
    <Image Include="src\Assets\Player\Run\run1.png">
      <Filter>Resource Files</Filter>
    </Image>
    <Image Include="src\Assets\Player\Run\run2.png">
      <Filter>Resource Files</Filter>
    </Image>
    <Image Include="src\Assets\Player\Run\run3.png">
      <Filter>Resource Files</Filter>
    </Image>
    <Image Include="src\Assets\Player\Run\run4.png">
      <Filter>Resource Files</Filter>
    </Image>
    <Image Include="src\Assets\Player\Idle\idle0.png">
      <Filter>Resource Files</Filter>
    </Image>
    <Image Include="src\Assets\Player\Idle\idle1.png">
      <Filter>Resource Files</Filter>
    </Image>
    <Image Include="src\Assets\Player\Idle\idle2.png">
      <Filter>Resource Files</Filter>
    </Image>
    <Image Include="src\Assets\Player\Idle\idle3.png">
      <Filter>Resource Files</Filter>
    </Image>
    <Image Include="src\Assets\Player\Idle\idle4.png">
      <Filter>Resource Files</Filter>
    </Image>
    <Image Include="src\Assets\Player\Idle\idle5.png">
      <Filter>Resource Files</Filter>
    </Image>
    <Image Include="src\Assets\Player\Idle\idle6.png">
      <Filter>Resource Files</Filter>
    </Image>
    <Image Include="src\Assets\Sprites\Logo\logo.png">
      <Filter>Resource Files</Filter>
    </Image>
    <Image Include="src\Assets\Tiles\Water.png">
      <Filter>Resource Files</Filter>
    </Image>
    <Image Include="src\Assets\Tiles\Grass\Grass_1.png">
      <Filter>Resource Files</Filter>
    </Image>
    <Image Include="src\Assets\Tiles\Grass\Grass_2.png">
      <Filter>Resource Files</Filter>
    </Image>
    <Image Include="src\Assets\Tiles\Grass\Grass_3.png">
      <Filter>Resource Files</Filter>
    </Image>
    <Image Include="src\Assets\Tiles\Wall\Wall_1.png">
      <Filter>Resource Files</Filter>
    </Image>
    <Image Include="src\Assets\Tiles\Wall\RWall.png">
      <Filter>Resource Files</Filter>
    </Image>
    <Image Include="src\Assets\Tiles\Wall\LWall.png">
      <Filter>Resource Files</Filter>
    </Image>
    <Image Include="diagrams\collision.png">
      <Filter>Resource Files</Filter>
    </Image>
    <Image Include="src\Assets\Tiles\PATDTx\TXPlantSet.png">
      <Filter>Resource Files</Filter>
    </Image>
    <Image Include="src\Assets\Tiles\PATDTx\TXPropSet.png">
      <Filter>Resource Files</Filter>
    </Image>
    <Image Include="src\Assets\Tiles\PATDTx\TXStructSet.png">
      <Filter>Resource Files</Filter>
    </Image>
    <Image Include="src\Assets\Tiles\PATDTx\TXGrassSet.png">
      <Filter>Resource Files</Filter>
    </Image>
    <Image Include="src\Assets\Tiles\PATDTx\TXStoneGroundSet.png">
      <Filter>Resource Files</Filter>
    </Image>
    <Image Include="src\Assets\Tiles\PATDTx\TXWallSet.png">
      <Filter>Resource Files</Filter>
    </Image>
    <Image Include="src\Assets\Sprites\Player\playersheet.png">
      <Filter>Resource Files</Filter>
    </Image>
    <Image Include="src\Assets\Tiles\SVRTx\Animated stuff\campfire_16x16.gif">
      <Filter>Resource Files</Filter>
    </Image>
    <Image Include="src\Assets\Tiles\SVRTx\Animated stuff\campfire_16x16.png">
      <Filter>Resource Files</Filter>
    </Image>
    <Image Include="src\Assets\Tiles\SVRTx\Animated stuff\campfire_32x32.gif">
      <Filter>Resource Files</Filter>
    </Image>
    <Image Include="src\Assets\Tiles\SVRTx\Animated stuff\campfire_32x32.png">
      <Filter>Resource Files</Filter>
    </Image>
    <Image Include="src\Assets\Tiles\SVRTx\Animated stuff\campfire_48x48.gif">
      <Filter>Resource Files</Filter>
    </Image>
    <Image Include="src\Assets\Tiles\SVRTx\Animated stuff\campfire_48x48.png">
      <Filter>Resource Files</Filter>
    </Image>
    <Image Include="src\Assets\Tiles\SVRTx\Animated stuff\door_16x16.gif">
      <Filter>Resource Files</Filter>
    </Image>
    <Image Include="src\Assets\Tiles\SVRTx\Animated stuff\door_16x16.png">
      <Filter>Resource Files</Filter>
    </Image>
    <Image Include="src\Assets\Tiles\SVRTx\Animated stuff\door_32x32.gif">
      <Filter>Resource Files</Filter>
    </Image>
    <Image Include="src\Assets\Tiles\SVRTx\Animated stuff\door_32x32.png">
      <Filter>Resource Files</Filter>
    </Image>
    <Image Include="src\Assets\Tiles\SVRTx\Animated stuff\door_48x48.gif">
      <Filter>Resource Files</Filter>
    </Image>
    <Image Include="src\Assets\Tiles\SVRTx\Animated stuff\door_48x48.png">
      <Filter>Resource Files</Filter>
    </Image>
    <Image Include="src\Assets\Tiles\SVRTx\Animated stuff\water_waves_16x16.gif">
      <Filter>Resource Files</Filter>
    </Image>
    <Image Include="src\Assets\Tiles\SVRTx\Animated stuff\water_waves_16x16.png">
      <Filter>Resource Files</Filter>
    </Image>
    <Image Include="src\Assets\Tiles\SVRTx\Animated stuff\water_waves_32x32.gif">
      <Filter>Resource Files</Filter>
    </Image>
    <Image Include="src\Assets\Tiles\SVRTx\Animated stuff\water_waves_32x32.png">
      <Filter>Resource Files</Filter>
    </Image>
    <Image Include="src\Assets\Tiles\SVRTx\Animated stuff\water_waves_48x48.gif">
      <Filter>Resource Files</Filter>
    </Image>
    <Image Include="src\Assets\Tiles\SVRTx\Animated stuff\water_waves_48x48.png">
      <Filter>Resource Files</Filter>
    </Image>
    <Image Include="src\Assets\Tiles\SVRTx\RPG_MAKER_MV\!$Campfire.png">
      <Filter>Resource Files</Filter>
    </Image>
    <Image Include="src\Assets\Tiles\SVRTx\RPG_MAKER_MV\!$door.png">
      <Filter>Resource Files</Filter>
    </Image>
    <Image Include="src\Assets\Tiles\SVRTx\RPG_MAKER_MV\Houses_TILESET_B-C-D-E.png">
      <Filter>Resource Files</Filter>
    </Image>
    <Image Include="src\Assets\Tiles\SVRTx\RPG_MAKER_MV\Outside_Stuff_TILESET_B-C-D-E.png">
      <Filter>Resource Files</Filter>
    </Image>
    <Image Include="src\Assets\Tiles\SVRTx\RPG_MAKER_VX_ACE\B-C-D-E_Serene_Village_01.png">
      <Filter>Resource Files</Filter>
    </Image>
    <Image Include="src\Assets\Tiles\SVRTx\RPG_MAKER_VX_ACE\B-C-D-E_Serene_Village_02.png">
      <Filter>Resource Files</Filter>
    </Image>
    <Image Include="src\Assets\Tiles\SVRTx\RPG_MAKER_VX_ACE\B-C-D-E_Serene_Village_03.png">
      <Filter>Resource Files</Filter>
    </Image>
    <Image Include="src\Assets\Tiles\SVRTx\RPG_MAKER_XP\Serene_Village_XP.png">
      <Filter>Resource Files</Filter>
    </Image>
    <Image Include="src\Assets\Tiles\SVRTx\TXSvrSet.png">
      <Filter>Resource Files</Filter>
    </Image>
    <Image Include="src\Assets\UI\UI_ChatLog.png">
      <Filter>Resource Files</Filter>
    </Image>
    <Image Include="..\..\..\..\..\Downloads\game_items_pack_2_free\PNG\128px\questbook.png">
      <Filter>Resource Files</Filter>
    </Image>
    <Image Include="..\..\..\..\..\Downloads\game_items_pack_2_free\PNG\128px\UI_QuestBook.png">
      <Filter>Resource Files</Filter>
    </Image>
    <Image Include="src\Assets\UI\UI_QuestBook.png">
      <Filter>Resource Files</Filter>
    </Image>
    <Image Include="src\Assets\UI\UI_Back.png">
      <Filter>Resource Files</Filter>
    </Image>
    <Image Include="src\Assets\UI\UI_QuestPage.jpg">
      <Filter>Resource Files</Filter>
    </Image>
  </ItemGroup>
  <ItemGroup>
    <Font Include="src\Assets\Fonts\PixelFont.ttf" />
    <Font Include="src\Assets\Fonts\RingBearer.TTF" />
  </ItemGroup>
  <ItemGroup>
    <Text Include="src\Data\Scenes\ragni.txt" />
    <Text Include="src\Data\Scenes\pigmans.txt" />
  </ItemGroup>
</Project>